// !$*UTF8*$!
{
	archiveVersion = 1;
	classes = {
	};
	objectVersion = 55;
	objects = {

/* Begin PBXBuildFile section */
		2447B02128526809001B1F17 /* ZStackPadding.swift in Sources */ = {isa = PBXBuildFile; fileRef = 2447B02028526809001B1F17 /* ZStackPadding.swift */; };
		2462EDE328501F7D00838CF0 /* ViewApp.swift in Sources */ = {isa = PBXBuildFile; fileRef = 2462EDE228501F7D00838CF0 /* ViewApp.swift */; };
		2462EDE528501F7D00838CF0 /* ContentView.swift in Sources */ = {isa = PBXBuildFile; fileRef = 2462EDE428501F7D00838CF0 /* ContentView.swift */; };
		2462EDE728501F7F00838CF0 /* Assets.xcassets in Resources */ = {isa = PBXBuildFile; fileRef = 2462EDE628501F7F00838CF0 /* Assets.xcassets */; };
		2462EDEA28501F7F00838CF0 /* Preview Assets.xcassets in Resources */ = {isa = PBXBuildFile; fileRef = 2462EDE928501F7F00838CF0 /* Preview Assets.xcassets */; };
		2462EDF12850204D00838CF0 /* TextMod.swift in Sources */ = {isa = PBXBuildFile; fileRef = 2462EDF02850204D00838CF0 /* TextMod.swift */; };
		2462EDF3285023CC00838CF0 /* Buttons.swift in Sources */ = {isa = PBXBuildFile; fileRef = 2462EDF2285023CC00838CF0 /* Buttons.swift */; };
		2462EDF528502AA200838CF0 /* Images.swift in Sources */ = {isa = PBXBuildFile; fileRef = 2462EDF428502AA200838CF0 /* Images.swift */; };
		2462EDF72850317800838CF0 /* TextFields.swift in Sources */ = {isa = PBXBuildFile; fileRef = 2462EDF62850317800838CF0 /* TextFields.swift */; };
		247B91BE2851854A00EEF188 /* Dividers.swift in Sources */ = {isa = PBXBuildFile; fileRef = 247B91BD2851854A00EEF188 /* Dividers.swift */; };
		248F61102851AA2A005AE0E9 /* HStackVStackSpacers.swift in Sources */ = {isa = PBXBuildFile; fileRef = 248F610F2851AA2A005AE0E9 /* HStackVStackSpacers.swift */; };
		24ABE86F28528B8900F4CA6F /* TabViews.swift in Sources */ = {isa = PBXBuildFile; fileRef = 24ABE86E28528B8900F4CA6F /* TabViews.swift */; };
		24ABE87128528EFA00F4CA6F /* Navigations.swift in Sources */ = {isa = PBXBuildFile; fileRef = 24ABE87028528EFA00F4CA6F /* Navigations.swift */; };
		24ABE87328529E1F00F4CA6F /* VideoPlayers.swift in Sources */ = {isa = PBXBuildFile; fileRef = 24ABE87228529E1F00F4CA6F /* VideoPlayers.swift */; };
/* End PBXBuildFile section */

/* Begin PBXFileReference section */
		2447B02028526809001B1F17 /* ZStackPadding.swift */ = {isa = PBXFileReference; lastKnownFileType = sourcecode.swift; path = ZStackPadding.swift; sourceTree = "<group>"; };
		2462EDDF28501F7D00838CF0 /* View.app */ = {isa = PBXFileReference; explicitFileType = wrapper.application; includeInIndex = 0; path = View.app; sourceTree = BUILT_PRODUCTS_DIR; };
		2462EDE228501F7D00838CF0 /* ViewApp.swift */ = {isa = PBXFileReference; lastKnownFileType = sourcecode.swift; path = ViewApp.swift; sourceTree = "<group>"; };
		2462EDE428501F7D00838CF0 /* ContentView.swift */ = {isa = PBXFileReference; lastKnownFileType = sourcecode.swift; path = ContentView.swift; sourceTree = "<group>"; };
		2462EDE628501F7F00838CF0 /* Assets.xcassets */ = {isa = PBXFileReference; lastKnownFileType = folder.assetcatalog; path = Assets.xcassets; sourceTree = "<group>"; };
		2462EDE928501F7F00838CF0 /* Preview Assets.xcassets */ = {isa = PBXFileReference; lastKnownFileType = folder.assetcatalog; path = "Preview Assets.xcassets"; sourceTree = "<group>"; };
		2462EDF02850204D00838CF0 /* TextMod.swift */ = {isa = PBXFileReference; lastKnownFileType = sourcecode.swift; path = TextMod.swift; sourceTree = "<group>"; };
		2462EDF2285023CC00838CF0 /* Buttons.swift */ = {isa = PBXFileReference; lastKnownFileType = sourcecode.swift; path = Buttons.swift; sourceTree = "<group>"; };
		2462EDF428502AA200838CF0 /* Images.swift */ = {isa = PBXFileReference; lastKnownFileType = sourcecode.swift; path = Images.swift; sourceTree = "<group>"; };
		2462EDF62850317800838CF0 /* TextFields.swift */ = {isa = PBXFileReference; lastKnownFileType = sourcecode.swift; path = TextFields.swift; sourceTree = "<group>"; };
		247B91BD2851854A00EEF188 /* Dividers.swift */ = {isa = PBXFileReference; lastKnownFileType = sourcecode.swift; path = Dividers.swift; sourceTree = "<group>"; };
		248F610F2851AA2A005AE0E9 /* HStackVStackSpacers.swift */ = {isa = PBXFileReference; lastKnownFileType = sourcecode.swift; path = HStackVStackSpacers.swift; sourceTree = "<group>"; };
		24ABE86E28528B8900F4CA6F /* TabViews.swift */ = {isa = PBXFileReference; lastKnownFileType = sourcecode.swift; path = TabViews.swift; sourceTree = "<group>"; };
		24ABE87028528EFA00F4CA6F /* Navigations.swift */ = {isa = PBXFileReference; lastKnownFileType = sourcecode.swift; path = Navigations.swift; sourceTree = "<group>"; };
		24ABE87228529E1F00F4CA6F /* VideoPlayers.swift */ = {isa = PBXFileReference; lastKnownFileType = sourcecode.swift; path = VideoPlayers.swift; sourceTree = "<group>"; };
/* End PBXFileReference section */

/* Begin PBXFrameworksBuildPhase section */
		2462EDDC28501F7D00838CF0 /* Frameworks */ = {
			isa = PBXFrameworksBuildPhase;
			buildActionMask = 2147483647;
			files = (
			);
			runOnlyForDeploymentPostprocessing = 0;
		};
/* End PBXFrameworksBuildPhase section */

/* Begin PBXGroup section */
		2462EDD628501F7D00838CF0 = {
			isa = PBXGroup;
			children = (
				2462EDE128501F7D00838CF0 /* View */,
				2462EDE028501F7D00838CF0 /* Products */,
			);
			sourceTree = "<group>";
		};
		2462EDE028501F7D00838CF0 /* Products */ = {
			isa = PBXGroup;
			children = (
				2462EDDF28501F7D00838CF0 /* View.app */,
			);
			name = Products;
			sourceTree = "<group>";
		};
		2462EDE128501F7D00838CF0 /* View */ = {
			isa = PBXGroup;
			children = (
				24ABE87228529E1F00F4CA6F /* VideoPlayers.swift */,
				24ABE87028528EFA00F4CA6F /* Navigations.swift */,
				2462EDE228501F7D00838CF0 /* ViewApp.swift */,
				2462EDE428501F7D00838CF0 /* ContentView.swift */,
				2462EDF02850204D00838CF0 /* TextMod.swift */,
				2462EDF2285023CC00838CF0 /* Buttons.swift */,
				2462EDF428502AA200838CF0 /* Images.swift */,
				2462EDF62850317800838CF0 /* TextFields.swift */,
				247B91BD2851854A00EEF188 /* Dividers.swift */,
				248F610F2851AA2A005AE0E9 /* HStackVStackSpacers.swift */,
				2447B02028526809001B1F17 /* ZStackPadding.swift */,
				24ABE86E28528B8900F4CA6F /* TabViews.swift */,
				2462EDE628501F7F00838CF0 /* Assets.xcassets */,
				2462EDE828501F7F00838CF0 /* Preview Content */,
			);
			path = View;
			sourceTree = "<group>";
		};
		2462EDE828501F7F00838CF0 /* Preview Content */ = {
			isa = PBXGroup;
			children = (
				2462EDE928501F7F00838CF0 /* Preview Assets.xcassets */,
			);
			path = "Preview Content";
			sourceTree = "<group>";
		};
/* End PBXGroup section */

/* Begin PBXNativeTarget section */
		2462EDDE28501F7D00838CF0 /* View */ = {
			isa = PBXNativeTarget;
			buildConfigurationList = 2462EDED28501F7F00838CF0 /* Build configuration list for PBXNativeTarget "View" */;
			buildPhases = (
				2462EDDB28501F7D00838CF0 /* Sources */,
				2462EDDC28501F7D00838CF0 /* Frameworks */,
				2462EDDD28501F7D00838CF0 /* Resources */,
			);
			buildRules = (
			);
			dependencies = (
			);
			name = View;
			productName = View;
			productReference = 2462EDDF28501F7D00838CF0 /* View.app */;
			productType = "com.apple.product-type.application";
		};
/* End PBXNativeTarget section */

/* Begin PBXProject section */
		2462EDD728501F7D00838CF0 /* Project object */ = {
			isa = PBXProject;
			attributes = {
				BuildIndependentTargetsInParallel = 1;
				LastSwiftUpdateCheck = 1330;
				LastUpgradeCheck = 1330;
				TargetAttributes = {
					2462EDDE28501F7D00838CF0 = {
						CreatedOnToolsVersion = 13.3.1;
					};
				};
			};
			buildConfigurationList = 2462EDDA28501F7D00838CF0 /* Build configuration list for PBXProject "View" */;
			compatibilityVersion = "Xcode 13.0";
			developmentRegion = en;
			hasScannedForEncodings = 0;
			knownRegions = (
				en,
				Base,
			);
			mainGroup = 2462EDD628501F7D00838CF0;
			productRefGroup = 2462EDE028501F7D00838CF0 /* Products */;
			projectDirPath = "";
			projectRoot = "";
			targets = (
				2462EDDE28501F7D00838CF0 /* View */,
			);
		};
/* End PBXProject section */

/* Begin PBXResourcesBuildPhase section */
		2462EDDD28501F7D00838CF0 /* Resources */ = {
			isa = PBXResourcesBuildPhase;
			buildActionMask = 2147483647;
			files = (
				2462EDEA28501F7F00838CF0 /* Preview Assets.xcassets in Resources */,
				2462EDE728501F7F00838CF0 /* Assets.xcassets in Resources */,
			);
			runOnlyForDeploymentPostprocessing = 0;
		};
/* End PBXResourcesBuildPhase section */

/* Begin PBXSourcesBuildPhase section */
		2462EDDB28501F7D00838CF0 /* Sources */ = {
			isa = PBXSourcesBuildPhase;
			buildActionMask = 2147483647;
			files = (
				24ABE87328529E1F00F4CA6F /* VideoPlayers.swift in Sources */,
				2447B02128526809001B1F17 /* ZStackPadding.swift in Sources */,
				2462EDE528501F7D00838CF0 /* ContentView.swift in Sources */,
				247B91BE2851854A00EEF188 /* Dividers.swift in Sources */,
				2462EDE328501F7D00838CF0 /* ViewApp.swift in Sources */,
				2462EDF528502AA200838CF0 /* Images.swift in Sources */,
				2462EDF12850204D00838CF0 /* TextMod.swift in Sources */,
				24ABE86F28528B8900F4CA6F /* TabViews.swift in Sources */,
				2462EDF3285023CC00838CF0 /* Buttons.swift in Sources */,
				2462EDF72850317800838CF0 /* TextFields.swift in Sources */,
				24ABE87128528EFA00F4CA6F /* Navigations.swift in Sources */,
				248F61102851AA2A005AE0E9 /* HStackVStackSpacers.swift in Sources */,
			);
			runOnlyForDeploymentPostprocessing = 0;
		};
/* End PBXSourcesBuildPhase section */

/* Begin XCBuildConfiguration section */
		2462EDEB28501F7F00838CF0 /* Debug */ = {
			isa = XCBuildConfiguration;
			buildSettings = {
				ALWAYS_SEARCH_USER_PATHS = NO;
				CLANG_ANALYZER_NONNULL = YES;
				CLANG_ANALYZER_NUMBER_OBJECT_CONVERSION = YES_AGGRESSIVE;
				CLANG_CXX_LANGUAGE_STANDARD = "gnu++17";
				CLANG_ENABLE_MODULES = YES;
				CLANG_ENABLE_OBJC_ARC = YES;
				CLANG_ENABLE_OBJC_WEAK = YES;
				CLANG_WARN_BLOCK_CAPTURE_AUTORELEASING = YES;
				CLANG_WARN_BOOL_CONVERSION = YES;
				CLANG_WARN_COMMA = YES;
				CLANG_WARN_CONSTANT_CONVERSION = YES;
				CLANG_WARN_DEPRECATED_OBJC_IMPLEMENTATIONS = YES;
				CLANG_WARN_DIRECT_OBJC_ISA_USAGE = YES_ERROR;
				CLANG_WARN_DOCUMENTATION_COMMENTS = YES;
				CLANG_WARN_EMPTY_BODY = YES;
				CLANG_WARN_ENUM_CONVERSION = YES;
				CLANG_WARN_INFINITE_RECURSION = YES;
				CLANG_WARN_INT_CONVERSION = YES;
				CLANG_WARN_NON_LITERAL_NULL_CONVERSION = YES;
				CLANG_WARN_OBJC_IMPLICIT_RETAIN_SELF = YES;
				CLANG_WARN_OBJC_LITERAL_CONVERSION = YES;
				CLANG_WARN_OBJC_ROOT_CLASS = YES_ERROR;
				CLANG_WARN_QUOTED_INCLUDE_IN_FRAMEWORK_HEADER = YES;
				CLANG_WARN_RANGE_LOOP_ANALYSIS = YES;
				CLANG_WARN_STRICT_PROTOTYPES = YES;
				CLANG_WARN_SUSPICIOUS_MOVE = YES;
				CLANG_WARN_UNGUARDED_AVAILABILITY = YES_AGGRESSIVE;
				CLANG_WARN_UNREACHABLE_CODE = YES;
				CLANG_WARN__DUPLICATE_METHOD_MATCH = YES;
				COPY_PHASE_STRIP = NO;
				DEBUG_INFORMATION_FORMAT = dwarf;
				ENABLE_STRICT_OBJC_MSGSEND = YES;
				ENABLE_TESTABILITY = YES;
				GCC_C_LANGUAGE_STANDARD = gnu11;
				GCC_DYNAMIC_NO_PIC = NO;
				GCC_NO_COMMON_BLOCKS = YES;
				GCC_OPTIMIZATION_LEVEL = 0;
				GCC_PREPROCESSOR_DEFINITIONS = (
					"DEBUG=1",
					"$(inherited)",
				);
				GCC_WARN_64_TO_32_BIT_CONVERSION = YES;
				GCC_WARN_ABOUT_RETURN_TYPE = YES_ERROR;
				GCC_WARN_UNDECLARED_SELECTOR = YES;
				GCC_WARN_UNINITIALIZED_AUTOS = YES_AGGRESSIVE;
				GCC_WARN_UNUSED_FUNCTION = YES;
				GCC_WARN_UNUSED_VARIABLE = YES;
				IPHONEOS_DEPLOYMENT_TARGET = 15.4;
				MTL_ENABLE_DEBUG_INFO = INCLUDE_SOURCE;
				MTL_FAST_MATH = YES;
				ONLY_ACTIVE_ARCH = YES;
				SDKROOT = iphoneos;
				SWIFT_ACTIVE_COMPILATION_CONDITIONS = DEBUG;
				SWIFT_OPTIMIZATION_LEVEL = "-Onone";
			};
			name = Debug;
		};
		2462EDEC28501F7F00838CF0 /* Release */ = {
			isa = XCBuildConfiguration;
			buildSettings = {
				ALWAYS_SEARCH_USER_PATHS = NO;
				CLANG_ANALYZER_NONNULL = YES;
				CLANG_ANALYZER_NUMBER_OBJECT_CONVERSION = YES_AGGRESSIVE;
				CLANG_CXX_LANGUAGE_STANDARD = "gnu++17";
				CLANG_ENABLE_MODULES = YES;
				CLANG_ENABLE_OBJC_ARC = YES;
				CLANG_ENABLE_OBJC_WEAK = YES;
				CLANG_WARN_BLOCK_CAPTURE_AUTORELEASING = YES;
				CLANG_WARN_BOOL_CONVERSION = YES;
				CLANG_WARN_COMMA = YES;
				CLANG_WARN_CONSTANT_CONVERSION = YES;
				CLANG_WARN_DEPRECATED_OBJC_IMPLEMENTATIONS = YES;
				CLANG_WARN_DIRECT_OBJC_ISA_USAGE = YES_ERROR;
				CLANG_WARN_DOCUMENTATION_COMMENTS = YES;
				CLANG_WARN_EMPTY_BODY = YES;
				CLANG_WARN_ENUM_CONVERSION = YES;
				CLANG_WARN_INFINITE_RECURSION = YES;
				CLANG_WARN_INT_CONVERSION = YES;
				CLANG_WARN_NON_LITERAL_NULL_CONVERSION = YES;
				CLANG_WARN_OBJC_IMPLICIT_RETAIN_SELF = YES;
				CLANG_WARN_OBJC_LITERAL_CONVERSION = YES;
				CLANG_WARN_OBJC_ROOT_CLASS = YES_ERROR;
				CLANG_WARN_QUOTED_INCLUDE_IN_FRAMEWORK_HEADER = YES;
				CLANG_WARN_RANGE_LOOP_ANALYSIS = YES;
				CLANG_WARN_STRICT_PROTOTYPES = YES;
				CLANG_WARN_SUSPICIOUS_MOVE = YES;
				CLANG_WARN_UNGUARDED_AVAILABILITY = YES_AGGRESSIVE;
				CLANG_WARN_UNREACHABLE_CODE = YES;
				CLANG_WARN__DUPLICATE_METHOD_MATCH = YES;
				COPY_PHASE_STRIP = NO;
				DEBUG_INFORMATION_FORMAT = "dwarf-with-dsym";
				ENABLE_NS_ASSERTIONS = NO;
				ENABLE_STRICT_OBJC_MSGSEND = YES;
				GCC_C_LANGUAGE_STANDARD = gnu11;
				GCC_NO_COMMON_BLOCKS = YES;
				GCC_WARN_64_TO_32_BIT_CONVERSION = YES;
				GCC_WARN_ABOUT_RETURN_TYPE = YES_ERROR;
				GCC_WARN_UNDECLARED_SELECTOR = YES;
				GCC_WARN_UNINITIALIZED_AUTOS = YES_AGGRESSIVE;
				GCC_WARN_UNUSED_FUNCTION = YES;
				GCC_WARN_UNUSED_VARIABLE = YES;
				IPHONEOS_DEPLOYMENT_TARGET = 15.4;
				MTL_ENABLE_DEBUG_INFO = NO;
				MTL_FAST_MATH = YES;
				SDKROOT = iphoneos;
				SWIFT_COMPILATION_MODE = wholemodule;
				SWIFT_OPTIMIZATION_LEVEL = "-O";
				VALIDATE_PRODUCT = YES;
			};
			name = Release;
		};
		2462EDEE28501F7F00838CF0 /* Debug */ = {
			isa = XCBuildConfiguration;
			buildSettings = {
				ASSETCATALOG_COMPILER_APPICON_NAME = AppIcon;
				ASSETCATALOG_COMPILER_GLOBAL_ACCENT_COLOR_NAME = AccentColor;
				CODE_SIGN_STYLE = Automatic;
				CURRENT_PROJECT_VERSION = 1;
				DEVELOPMENT_ASSET_PATHS = "\"View/Preview Content\"";
				DEVELOPMENT_TEAM = Z366NS4865;
				ENABLE_PREVIEWS = YES;
				GENERATE_INFOPLIST_FILE = YES;
				INFOPLIST_KEY_UIApplicationSceneManifest_Generation = YES;
				INFOPLIST_KEY_UIApplicationSupportsIndirectInputEvents = YES;
				INFOPLIST_KEY_UILaunchScreen_Generation = YES;
				INFOPLIST_KEY_UISupportedInterfaceOrientations_iPad = "UIInterfaceOrientationPortrait UIInterfaceOrientationPortraitUpsideDown UIInterfaceOrientationLandscapeLeft UIInterfaceOrientationLandscapeRight";
				INFOPLIST_KEY_UISupportedInterfaceOrientations_iPhone = "UIInterfaceOrientationPortrait UIInterfaceOrientationLandscapeLeft UIInterfaceOrientationLandscapeRight";
				LD_RUNPATH_SEARCH_PATHS = (
					"$(inherited)",
					"@executable_path/Frameworks",
				);
				MARKETING_VERSION = 1.0;
				PRODUCT_BUNDLE_IDENTIFIER = swift.View;
				PRODUCT_NAME = "$(TARGET_NAME)";
				SWIFT_EMIT_LOC_STRINGS = YES;
				SWIFT_VERSION = 5.0;
				TARGETED_DEVICE_FAMILY = "1,2";
			};
			name = Debug;
		};
		2462EDEF28501F7F00838CF0 /* Release */ = {
			isa = XCBuildConfiguration;
			buildSettings = {
				ASSETCATALOG_COMPILER_APPICON_NAME = AppIcon;
				ASSETCATALOG_COMPILER_GLOBAL_ACCENT_COLOR_NAME = AccentColor;
				CODE_SIGN_STYLE = Automatic;
				CURRENT_PROJECT_VERSION = 1;
				DEVELOPMENT_ASSET_PATHS = "\"View/Preview Content\"";
				DEVELOPMENT_TEAM = Z366NS4865;
				ENABLE_PREVIEWS = YES;
				GENERATE_INFOPLIST_FILE = YES;
				INFOPLIST_KEY_UIApplicationSceneManifest_Generation = YES;
				INFOPLIST_KEY_UIApplicationSupportsIndirectInputEvents = YES;
				INFOPLIST_KEY_UILaunchScreen_Generation = YES;
				INFOPLIST_KEY_UISupportedInterfaceOrientations_iPad = "UIInterfaceOrientationPortrait UIInterfaceOrientationPortraitUpsideDown UIInterfaceOrientationLandscapeLeft UIInterfaceOrientationLandscapeRight";
				INFOPLIST_KEY_UISupportedInterfaceOrientations_iPhone = "UIInterfaceOrientationPortrait UIInterfaceOrientationLandscapeLeft UIInterfaceOrientationLandscapeRight";
				LD_RUNPATH_SEARCH_PATHS = (
					"$(inherited)",
					"@executable_path/Frameworks",
				);
				MARKETING_VERSION = 1.0;
				PRODUCT_BUNDLE_IDENTIFIER = swift.View;
				PRODUCT_NAME = "$(TARGET_NAME)";
				SWIFT_EMIT_LOC_STRINGS = YES;
				SWIFT_VERSION = 5.0;
				TARGETED_DEVICE_FAMILY = "1,2";
			};
			name = Release;
		};
/* End XCBuildConfiguration section */

/* Begin XCConfigurationList section */
		2462EDDA28501F7D00838CF0 /* Build configuration list for PBXProject "View" */ = {
			isa = XCConfigurationList;
			buildConfigurations = (
				2462EDEB28501F7F00838CF0 /* Debug */,
				2462EDEC28501F7F00838CF0 /* Release */,
			);
			defaultConfigurationIsVisible = 0;
			defaultConfigurationName = Release;
		};
		2462EDED28501F7F00838CF0 /* Build configuration list for PBXNativeTarget "View" */ = {
			isa = XCConfigurationList;
			buildConfigurations = (
				2462EDEE28501F7F00838CF0 /* Debug */,
				2462EDEF28501F7F00838CF0 /* Release */,
			);
			defaultConfigurationIsVisible = 0;
			defaultConfigurationName = Release;
		};
/* End XCConfigurationList section */
	};
	rootObject = 2462EDD728501F7D00838CF0 /* Project object */;
}
