// !$*UTF8*$!
{
	archiveVersion = 1;
	classes = {
	};
	objectVersion = 55;
	objects = {

/* Begin PBXBuildFile section */
		24F13837284718DB000FB0C9 /* Tests_iOS.swift in Sources */ = {isa = PBXBuildFile; fileRef = 24F13836284718DB000FB0C9 /* Tests_iOS.swift */; };
		24F13839284718DB000FB0C9 /* Tests_iOSLaunchTests.swift in Sources */ = {isa = PBXBuildFile; fileRef = 24F13838284718DB000FB0C9 /* Tests_iOSLaunchTests.swift */; };
		24F13843284718DC000FB0C9 /* Tests_macOS.swift in Sources */ = {isa = PBXBuildFile; fileRef = 24F13842284718DC000FB0C9 /* Tests_macOS.swift */; };
		24F13845284718DC000FB0C9 /* Tests_macOSLaunchTests.swift in Sources */ = {isa = PBXBuildFile; fileRef = 24F13844284718DC000FB0C9 /* Tests_macOSLaunchTests.swift */; };
		24F13846284718DC000FB0C9 /* HelloXcodeApp.swift in Sources */ = {isa = PBXBuildFile; fileRef = 24F1381E284718D7000FB0C9 /* HelloXcodeApp.swift */; };
		24F13847284718DC000FB0C9 /* HelloXcodeApp.swift in Sources */ = {isa = PBXBuildFile; fileRef = 24F1381E284718D7000FB0C9 /* HelloXcodeApp.swift */; };
		24F13848284718DC000FB0C9 /* ContentView.swift in Sources */ = {isa = PBXBuildFile; fileRef = 24F1381F284718D7000FB0C9 /* ContentView.swift */; };
		24F13849284718DC000FB0C9 /* ContentView.swift in Sources */ = {isa = PBXBuildFile; fileRef = 24F1381F284718D7000FB0C9 /* ContentView.swift */; };
		24F1384A284718DC000FB0C9 /* Assets.xcassets in Resources */ = {isa = PBXBuildFile; fileRef = 24F13820284718DB000FB0C9 /* Assets.xcassets */; };
		24F1384B284718DC000FB0C9 /* Assets.xcassets in Resources */ = {isa = PBXBuildFile; fileRef = 24F13820284718DB000FB0C9 /* Assets.xcassets */; };
/* End PBXBuildFile section */

/* Begin PBXContainerItemProxy section */
		24F13833284718DB000FB0C9 /* PBXContainerItemProxy */ = {
			isa = PBXContainerItemProxy;
			containerPortal = 24F13819284718D6000FB0C9 /* Project object */;
			proxyType = 1;
			remoteGlobalIDString = 24F13824284718DB000FB0C9;
			remoteInfo = "HelloXcode (iOS)";
		};
		24F1383F284718DC000FB0C9 /* PBXContainerItemProxy */ = {
			isa = PBXContainerItemProxy;
			containerPortal = 24F13819284718D6000FB0C9 /* Project object */;
			proxyType = 1;
			remoteGlobalIDString = 24F1382A284718DB000FB0C9;
			remoteInfo = "HelloXcode (macOS)";
		};
/* End PBXContainerItemProxy section */

/* Begin PBXFileReference section */
		24F1381E284718D7000FB0C9 /* HelloXcodeApp.swift */ = {isa = PBXFileReference; lastKnownFileType = sourcecode.swift; path = HelloXcodeApp.swift; sourceTree = "<group>"; };
		24F1381F284718D7000FB0C9 /* ContentView.swift */ = {isa = PBXFileReference; lastKnownFileType = sourcecode.swift; path = ContentView.swift; sourceTree = "<group>"; };
		24F13820284718DB000FB0C9 /* Assets.xcassets */ = {isa = PBXFileReference; lastKnownFileType = folder.assetcatalog; path = Assets.xcassets; sourceTree = "<group>"; };
		24F13825284718DB000FB0C9 /* HelloXcode.app */ = {isa = PBXFileReference; explicitFileType = wrapper.application; includeInIndex = 0; path = HelloXcode.app; sourceTree = BUILT_PRODUCTS_DIR; };
		24F1382B284718DB000FB0C9 /* HelloXcode.app */ = {isa = PBXFileReference; explicitFileType = wrapper.application; includeInIndex = 0; path = HelloXcode.app; sourceTree = BUILT_PRODUCTS_DIR; };
		24F1382D284718DB000FB0C9 /* macOS.entitlements */ = {isa = PBXFileReference; lastKnownFileType = text.plist.entitlements; path = macOS.entitlements; sourceTree = "<group>"; };
		24F13832284718DB000FB0C9 /* Tests iOS.xctest */ = {isa = PBXFileReference; explicitFileType = wrapper.cfbundle; includeInIndex = 0; path = "Tests iOS.xctest"; sourceTree = BUILT_PRODUCTS_DIR; };
		24F13836284718DB000FB0C9 /* Tests_iOS.swift */ = {isa = PBXFileReference; lastKnownFileType = sourcecode.swift; path = Tests_iOS.swift; sourceTree = "<group>"; };
		24F13838284718DB000FB0C9 /* Tests_iOSLaunchTests.swift */ = {isa = PBXFileReference; lastKnownFileType = sourcecode.swift; path = Tests_iOSLaunchTests.swift; sourceTree = "<group>"; };
		24F1383E284718DC000FB0C9 /* Tests macOS.xctest */ = {isa = PBXFileReference; explicitFileType = wrapper.cfbundle; includeInIndex = 0; path = "Tests macOS.xctest"; sourceTree = BUILT_PRODUCTS_DIR; };
		24F13842284718DC000FB0C9 /* Tests_macOS.swift */ = {isa = PBXFileReference; lastKnownFileType = sourcecode.swift; path = Tests_macOS.swift; sourceTree = "<group>"; };
		24F13844284718DC000FB0C9 /* Tests_macOSLaunchTests.swift */ = {isa = PBXFileReference; lastKnownFileType = sourcecode.swift; path = Tests_macOSLaunchTests.swift; sourceTree = "<group>"; };
/* End PBXFileReference section */

/* Begin PBXFrameworksBuildPhase section */
		24F13822284718DB000FB0C9 /* Frameworks */ = {
			isa = PBXFrameworksBuildPhase;
			buildActionMask = 2147483647;
			files = (
			);
			runOnlyForDeploymentPostprocessing = 0;
		};
		24F13828284718DB000FB0C9 /* Frameworks */ = {
			isa = PBXFrameworksBuildPhase;
			buildActionMask = 2147483647;
			files = (
			);
			runOnlyForDeploymentPostprocessing = 0;
		};
		24F1382F284718DB000FB0C9 /* Frameworks */ = {
			isa = PBXFrameworksBuildPhase;
			buildActionMask = 2147483647;
			files = (
			);
			runOnlyForDeploymentPostprocessing = 0;
		};
		24F1383B284718DC000FB0C9 /* Frameworks */ = {
			isa = PBXFrameworksBuildPhase;
			buildActionMask = 2147483647;
			files = (
			);
			runOnlyForDeploymentPostprocessing = 0;
		};
/* End PBXFrameworksBuildPhase section */

/* Begin PBXGroup section */
		24F13818284718D6000FB0C9 = {
			isa = PBXGroup;
			children = (
				24F1381D284718D7000FB0C9 /* Shared */,
				24F1382C284718DB000FB0C9 /* macOS */,
				24F13835284718DB000FB0C9 /* Tests iOS */,
				24F13841284718DC000FB0C9 /* Tests macOS */,
				24F13826284718DB000FB0C9 /* Products */,
			);
			sourceTree = "<group>";
		};
		24F1381D284718D7000FB0C9 /* Shared */ = {
			isa = PBXGroup;
			children = (
				24F1381E284718D7000FB0C9 /* HelloXcodeApp.swift */,
				24F1381F284718D7000FB0C9 /* ContentView.swift */,
				24F13820284718DB000FB0C9 /* Assets.xcassets */,
			);
			path = Shared;
			sourceTree = "<group>";
		};
		24F13826284718DB000FB0C9 /* Products */ = {
			isa = PBXGroup;
			children = (
				24F13825284718DB000FB0C9 /* HelloXcode.app */,
				24F1382B284718DB000FB0C9 /* HelloXcode.app */,
				24F13832284718DB000FB0C9 /* Tests iOS.xctest */,
				24F1383E284718DC000FB0C9 /* Tests macOS.xctest */,
			);
			name = Products;
			sourceTree = "<group>";
		};
		24F1382C284718DB000FB0C9 /* macOS */ = {
			isa = PBXGroup;
			children = (
				24F1382D284718DB000FB0C9 /* macOS.entitlements */,
			);
			path = macOS;
			sourceTree = "<group>";
		};
		24F13835284718DB000FB0C9 /* Tests iOS */ = {
			isa = PBXGroup;
			children = (
				24F13836284718DB000FB0C9 /* Tests_iOS.swift */,
				24F13838284718DB000FB0C9 /* Tests_iOSLaunchTests.swift */,
			);
			path = "Tests iOS";
			sourceTree = "<group>";
		};
		24F13841284718DC000FB0C9 /* Tests macOS */ = {
			isa = PBXGroup;
			children = (
				24F13842284718DC000FB0C9 /* Tests_macOS.swift */,
				24F13844284718DC000FB0C9 /* Tests_macOSLaunchTests.swift */,
			);
			path = "Tests macOS";
			sourceTree = "<group>";
		};
/* End PBXGroup section */

/* Begin PBXNativeTarget section */
		24F13824284718DB000FB0C9 /* HelloXcode (iOS) */ = {
			isa = PBXNativeTarget;
			buildConfigurationList = 24F1384E284718DC000FB0C9 /* Build configuration list for PBXNativeTarget "HelloXcode (iOS)" */;
			buildPhases = (
				24F13821284718DB000FB0C9 /* Sources */,
				24F13822284718DB000FB0C9 /* Frameworks */,
				24F13823284718DB000FB0C9 /* Resources */,
			);
			buildRules = (
			);
			dependencies = (
			);
			name = "HelloXcode (iOS)";
			productName = "HelloXcode (iOS)";
			productReference = 24F13825284718DB000FB0C9 /* HelloXcode.app */;
			productType = "com.apple.product-type.application";
		};
		24F1382A284718DB000FB0C9 /* HelloXcode (macOS) */ = {
			isa = PBXNativeTarget;
			buildConfigurationList = 24F13851284718DC000FB0C9 /* Build configuration list for PBXNativeTarget "HelloXcode (macOS)" */;
			buildPhases = (
				24F13827284718DB000FB0C9 /* Sources */,
				24F13828284718DB000FB0C9 /* Frameworks */,
				24F13829284718DB000FB0C9 /* Resources */,
			);
			buildRules = (
			);
			dependencies = (
			);
			name = "HelloXcode (macOS)";
			productName = "HelloXcode (macOS)";
			productReference = 24F1382B284718DB000FB0C9 /* HelloXcode.app */;
			productType = "com.apple.product-type.application";
		};
		24F13831284718DB000FB0C9 /* Tests iOS */ = {
			isa = PBXNativeTarget;
			buildConfigurationList = 24F13854284718DC000FB0C9 /* Build configuration list for PBXNativeTarget "Tests iOS" */;
			buildPhases = (
				24F1382E284718DB000FB0C9 /* Sources */,
				24F1382F284718DB000FB0C9 /* Frameworks */,
				24F13830284718DB000FB0C9 /* Resources */,
			);
			buildRules = (
			);
			dependencies = (
				24F13834284718DB000FB0C9 /* PBXTargetDependency */,
			);
			name = "Tests iOS";
			productName = "Tests iOS";
			productReference = 24F13832284718DB000FB0C9 /* Tests iOS.xctest */;
			productType = "com.apple.product-type.bundle.ui-testing";
		};
		24F1383D284718DC000FB0C9 /* Tests macOS */ = {
			isa = PBXNativeTarget;
			buildConfigurationList = 24F13857284718DC000FB0C9 /* Build configuration list for PBXNativeTarget "Tests macOS" */;
			buildPhases = (
				24F1383A284718DC000FB0C9 /* Sources */,
				24F1383B284718DC000FB0C9 /* Frameworks */,
				24F1383C284718DC000FB0C9 /* Resources */,
			);
			buildRules = (
			);
			dependencies = (
				24F13840284718DC000FB0C9 /* PBXTargetDependency */,
			);
			name = "Tests macOS";
			productName = "Tests macOS";
			productReference = 24F1383E284718DC000FB0C9 /* Tests macOS.xctest */;
			productType = "com.apple.product-type.bundle.ui-testing";
		};
/* End PBXNativeTarget section */

/* Begin PBXProject section */
		24F13819284718D6000FB0C9 /* Project object */ = {
			isa = PBXProject;
			attributes = {
				BuildIndependentTargetsInParallel = 1;
				LastSwiftUpdateCheck = 1330;
				LastUpgradeCheck = 1330;
				TargetAttributes = {
					24F13824284718DB000FB0C9 = {
						CreatedOnToolsVersion = 13.3.1;
					};
					24F1382A284718DB000FB0C9 = {
						CreatedOnToolsVersion = 13.3.1;
					};
					24F13831284718DB000FB0C9 = {
						CreatedOnToolsVersion = 13.3.1;
						TestTargetID = 24F13824284718DB000FB0C9;
					};
					24F1383D284718DC000FB0C9 = {
						CreatedOnToolsVersion = 13.3.1;
						TestTargetID = 24F1382A284718DB000FB0C9;
					};
				};
			};
			buildConfigurationList = 24F1381C284718D6000FB0C9 /* Build configuration list for PBXProject "HelloXcode" */;
			compatibilityVersion = "Xcode 13.0";
			developmentRegion = en;
			hasScannedForEncodings = 0;
			knownRegions = (
				en,
				Base,
			);
			mainGroup = 24F13818284718D6000FB0C9;
			productRefGroup = 24F13826284718DB000FB0C9 /* Products */;
			projectDirPath = "";
			projectRoot = "";
			targets = (
				24F13824284718DB000FB0C9 /* HelloXcode (iOS) */,
				24F1382A284718DB000FB0C9 /* HelloXcode (macOS) */,
				24F13831284718DB000FB0C9 /* Tests iOS */,
				24F1383D284718DC000FB0C9 /* Tests macOS */,
			);
		};
/* End PBXProject section */

/* Begin PBXResourcesBuildPhase section */
		24F13823284718DB000FB0C9 /* Resources */ = {
			isa = PBXResourcesBuildPhase;
			buildActionMask = 2147483647;
			files = (
				24F1384A284718DC000FB0C9 /* Assets.xcassets in Resources */,
			);
			runOnlyForDeploymentPostprocessing = 0;
		};
		24F13829284718DB000FB0C9 /* Resources */ = {
			isa = PBXResourcesBuildPhase;
			buildActionMask = 2147483647;
			files = (
				24F1384B284718DC000FB0C9 /* Assets.xcassets in Resources */,
			);
			runOnlyForDeploymentPostprocessing = 0;
		};
		24F13830284718DB000FB0C9 /* Resources */ = {
			isa = PBXResourcesBuildPhase;
			buildActionMask = 2147483647;
			files = (
			);
			runOnlyForDeploymentPostprocessing = 0;
		};
		24F1383C284718DC000FB0C9 /* Resources */ = {
			isa = PBXResourcesBuildPhase;
			buildActionMask = 2147483647;
			files = (
			);
			runOnlyForDeploymentPostprocessing = 0;
		};
/* End PBXResourcesBuildPhase section */

/* Begin PBXSourcesBuildPhase section */
		24F13821284718DB000FB0C9 /* Sources */ = {
			isa = PBXSourcesBuildPhase;
			buildActionMask = 2147483647;
			files = (
				24F13848284718DC000FB0C9 /* ContentView.swift in Sources */,
				24F13846284718DC000FB0C9 /* HelloXcodeApp.swift in Sources */,
			);
			runOnlyForDeploymentPostprocessing = 0;
		};
		24F13827284718DB000FB0C9 /* Sources */ = {
			isa = PBXSourcesBuildPhase;
			buildActionMask = 2147483647;
			files = (
				24F13849284718DC000FB0C9 /* ContentView.swift in Sources */,
				24F13847284718DC000FB0C9 /* HelloXcodeApp.swift in Sources */,
			);
			runOnlyForDeploymentPostprocessing = 0;
		};
		24F1382E284718DB000FB0C9 /* Sources */ = {
			isa = PBXSourcesBuildPhase;
			buildActionMask = 2147483647;
			files = (
				24F13839284718DB000FB0C9 /* Tests_iOSLaunchTests.swift in Sources */,
				24F13837284718DB000FB0C9 /* Tests_iOS.swift in Sources */,
			);
			runOnlyForDeploymentPostprocessing = 0;
		};
		24F1383A284718DC000FB0C9 /* Sources */ = {
			isa = PBXSourcesBuildPhase;
			buildActionMask = 2147483647;
			files = (
				24F13845284718DC000FB0C9 /* Tests_macOSLaunchTests.swift in Sources */,
				24F13843284718DC000FB0C9 /* Tests_macOS.swift in Sources */,
			);
			runOnlyForDeploymentPostprocessing = 0;
		};
/* End PBXSourcesBuildPhase section */

/* Begin PBXTargetDependency section */
		24F13834284718DB000FB0C9 /* PBXTargetDependency */ = {
			isa = PBXTargetDependency;
			target = 24F13824284718DB000FB0C9 /* HelloXcode (iOS) */;
			targetProxy = 24F13833284718DB000FB0C9 /* PBXContainerItemProxy */;
		};
		24F13840284718DC000FB0C9 /* PBXTargetDependency */ = {
			isa = PBXTargetDependency;
			target = 24F1382A284718DB000FB0C9 /* HelloXcode (macOS) */;
			targetProxy = 24F1383F284718DC000FB0C9 /* PBXContainerItemProxy */;
		};
/* End PBXTargetDependency section */

/* Begin XCBuildConfiguration section */
		24F1384C284718DC000FB0C9 /* Debug */ = {
			isa = XCBuildConfiguration;
			buildSettings = {
				ALWAYS_SEARCH_USER_PATHS = NO;
				CLANG_ANALYZER_NONNULL = YES;
				CLANG_ANALYZER_NUMBER_OBJECT_CONVERSION = YES_AGGRESSIVE;
				CLANG_CXX_LANGUAGE_STANDARD = "gnu++17";
				CLANG_ENABLE_MODULES = YES;
				CLANG_ENABLE_OBJC_ARC = YES;
				CLANG_ENABLE_OBJC_WEAK = YES;
				CLANG_WARN_BLOCK_CAPTURE_AUTORELEASING = YES;
				CLANG_WARN_BOOL_CONVERSION = YES;
				CLANG_WARN_COMMA = YES;
				CLANG_WARN_CONSTANT_CONVERSION = YES;
				CLANG_WARN_DEPRECATED_OBJC_IMPLEMENTATIONS = YES;
				CLANG_WARN_DIRECT_OBJC_ISA_USAGE = YES_ERROR;
				CLANG_WARN_DOCUMENTATION_COMMENTS = YES;
				CLANG_WARN_EMPTY_BODY = YES;
				CLANG_WARN_ENUM_CONVERSION = YES;
				CLANG_WARN_INFINITE_RECURSION = YES;
				CLANG_WARN_INT_CONVERSION = YES;
				CLANG_WARN_NON_LITERAL_NULL_CONVERSION = YES;
				CLANG_WARN_OBJC_IMPLICIT_RETAIN_SELF = YES;
				CLANG_WARN_OBJC_LITERAL_CONVERSION = YES;
				CLANG_WARN_OBJC_ROOT_CLASS = YES_ERROR;
				CLANG_WARN_QUOTED_INCLUDE_IN_FRAMEWORK_HEADER = YES;
				CLANG_WARN_RANGE_LOOP_ANALYSIS = YES;
				CLANG_WARN_STRICT_PROTOTYPES = YES;
				CLANG_WARN_SUSPICIOUS_MOVE = YES;
				CLANG_WARN_UNGUARDED_AVAILABILITY = YES_AGGRESSIVE;
				CLANG_WARN_UNREACHABLE_CODE = YES;
				CLANG_WARN__DUPLICATE_METHOD_MATCH = YES;
				COPY_PHASE_STRIP = NO;
				DEBUG_INFORMATION_FORMAT = dwarf;
				ENABLE_STRICT_OBJC_MSGSEND = YES;
				ENABLE_TESTABILITY = YES;
				GCC_C_LANGUAGE_STANDARD = gnu11;
				GCC_DYNAMIC_NO_PIC = NO;
				GCC_NO_COMMON_BLOCKS = YES;
				GCC_OPTIMIZATION_LEVEL = 0;
				GCC_PREPROCESSOR_DEFINITIONS = (
					"DEBUG=1",
					"$(inherited)",
				);
				GCC_WARN_64_TO_32_BIT_CONVERSION = YES;
				GCC_WARN_ABOUT_RETURN_TYPE = YES_ERROR;
				GCC_WARN_UNDECLARED_SELECTOR = YES;
				GCC_WARN_UNINITIALIZED_AUTOS = YES_AGGRESSIVE;
				GCC_WARN_UNUSED_FUNCTION = YES;
				GCC_WARN_UNUSED_VARIABLE = YES;
				MTL_ENABLE_DEBUG_INFO = INCLUDE_SOURCE;
				MTL_FAST_MATH = YES;
				ONLY_ACTIVE_ARCH = YES;
				SWIFT_ACTIVE_COMPILATION_CONDITIONS = DEBUG;
				SWIFT_OPTIMIZATION_LEVEL = "-Onone";
			};
			name = Debug;
		};
		24F1384D284718DC000FB0C9 /* Release */ = {
			isa = XCBuildConfiguration;
			buildSettings = {
				ALWAYS_SEARCH_USER_PATHS = NO;
				CLANG_ANALYZER_NONNULL = YES;
				CLANG_ANALYZER_NUMBER_OBJECT_CONVERSION = YES_AGGRESSIVE;
				CLANG_CXX_LANGUAGE_STANDARD = "gnu++17";
				CLANG_ENABLE_MODULES = YES;
				CLANG_ENABLE_OBJC_ARC = YES;
				CLANG_ENABLE_OBJC_WEAK = YES;
				CLANG_WARN_BLOCK_CAPTURE_AUTORELEASING = YES;
				CLANG_WARN_BOOL_CONVERSION = YES;
				CLANG_WARN_COMMA = YES;
				CLANG_WARN_CONSTANT_CONVERSION = YES;
				CLANG_WARN_DEPRECATED_OBJC_IMPLEMENTATIONS = YES;
				CLANG_WARN_DIRECT_OBJC_ISA_USAGE = YES_ERROR;
				CLANG_WARN_DOCUMENTATION_COMMENTS = YES;
				CLANG_WARN_EMPTY_BODY = YES;
				CLANG_WARN_ENUM_CONVERSION = YES;
				CLANG_WARN_INFINITE_RECURSION = YES;
				CLANG_WARN_INT_CONVERSION = YES;
				CLANG_WARN_NON_LITERAL_NULL_CONVERSION = YES;
				CLANG_WARN_OBJC_IMPLICIT_RETAIN_SELF = YES;
				CLANG_WARN_OBJC_LITERAL_CONVERSION = YES;
				CLANG_WARN_OBJC_ROOT_CLASS = YES_ERROR;
				CLANG_WARN_QUOTED_INCLUDE_IN_FRAMEWORK_HEADER = YES;
				CLANG_WARN_RANGE_LOOP_ANALYSIS = YES;
				CLANG_WARN_STRICT_PROTOTYPES = YES;
				CLANG_WARN_SUSPICIOUS_MOVE = YES;
				CLANG_WARN_UNGUARDED_AVAILABILITY = YES_AGGRESSIVE;
				CLANG_WARN_UNREACHABLE_CODE = YES;
				CLANG_WARN__DUPLICATE_METHOD_MATCH = YES;
				COPY_PHASE_STRIP = NO;
				DEBUG_INFORMATION_FORMAT = "dwarf-with-dsym";
				ENABLE_NS_ASSERTIONS = NO;
				ENABLE_STRICT_OBJC_MSGSEND = YES;
				GCC_C_LANGUAGE_STANDARD = gnu11;
				GCC_NO_COMMON_BLOCKS = YES;
				GCC_WARN_64_TO_32_BIT_CONVERSION = YES;
				GCC_WARN_ABOUT_RETURN_TYPE = YES_ERROR;
				GCC_WARN_UNDECLARED_SELECTOR = YES;
				GCC_WARN_UNINITIALIZED_AUTOS = YES_AGGRESSIVE;
				GCC_WARN_UNUSED_FUNCTION = YES;
				GCC_WARN_UNUSED_VARIABLE = YES;
				MTL_ENABLE_DEBUG_INFO = NO;
				MTL_FAST_MATH = YES;
				SWIFT_COMPILATION_MODE = wholemodule;
				SWIFT_OPTIMIZATION_LEVEL = "-O";
			};
			name = Release;
		};
		24F1384F284718DC000FB0C9 /* Debug */ = {
			isa = XCBuildConfiguration;
			buildSettings = {
				ASSETCATALOG_COMPILER_APPICON_NAME = AppIcon;
				ASSETCATALOG_COMPILER_GLOBAL_ACCENT_COLOR_NAME = AccentColor;
				CODE_SIGN_STYLE = Automatic;
				CURRENT_PROJECT_VERSION = 1;
				DEVELOPMENT_TEAM = Z366NS4865;
				ENABLE_PREVIEWS = YES;
				GENERATE_INFOPLIST_FILE = YES;
				INFOPLIST_KEY_UIApplicationSceneManifest_Generation = YES;
				INFOPLIST_KEY_UIApplicationSupportsIndirectInputEvents = YES;
				INFOPLIST_KEY_UILaunchScreen_Generation = YES;
				INFOPLIST_KEY_UISupportedInterfaceOrientations_iPad = "UIInterfaceOrientationPortrait UIInterfaceOrientationPortraitUpsideDown UIInterfaceOrientationLandscapeLeft UIInterfaceOrientationLandscapeRight";
				INFOPLIST_KEY_UISupportedInterfaceOrientations_iPhone = "UIInterfaceOrientationPortrait UIInterfaceOrientationLandscapeLeft UIInterfaceOrientationLandscapeRight";
				IPHONEOS_DEPLOYMENT_TARGET = 15.4;
				LD_RUNPATH_SEARCH_PATHS = (
					"$(inherited)",
					"@executable_path/Frameworks",
				);
				MARKETING_VERSION = 1.0;
				PRODUCT_BUNDLE_IDENTIFIER = swift.HelloXcode;
				PRODUCT_NAME = HelloXcode;
				SDKROOT = iphoneos;
				SWIFT_EMIT_LOC_STRINGS = YES;
				SWIFT_VERSION = 5.0;
				TARGETED_DEVICE_FAMILY = 1;
			};
			name = Debug;
		};
		24F13850284718DC000FB0C9 /* Release */ = {
			isa = XCBuildConfiguration;
			buildSettings = {
				ASSETCATALOG_COMPILER_APPICON_NAME = AppIcon;
				ASSETCATALOG_COMPILER_GLOBAL_ACCENT_COLOR_NAME = AccentColor;
				CODE_SIGN_STYLE = Automatic;
				CURRENT_PROJECT_VERSION = 1;
				DEVELOPMENT_TEAM = Z366NS4865;
				ENABLE_PREVIEWS = YES;
				GENERATE_INFOPLIST_FILE = YES;
				INFOPLIST_KEY_UIApplicationSceneManifest_Generation = YES;
				INFOPLIST_KEY_UIApplicationSupportsIndirectInputEvents = YES;
				INFOPLIST_KEY_UILaunchScreen_Generation = YES;
				INFOPLIST_KEY_UISupportedInterfaceOrientations_iPad = "UIInterfaceOrientationPortrait UIInterfaceOrientationPortraitUpsideDown UIInterfaceOrientationLandscapeLeft UIInterfaceOrientationLandscapeRight";
				INFOPLIST_KEY_UISupportedInterfaceOrientations_iPhone = "UIInterfaceOrientationPortrait UIInterfaceOrientationLandscapeLeft UIInterfaceOrientationLandscapeRight";
				IPHONEOS_DEPLOYMENT_TARGET = 15.4;
				LD_RUNPATH_SEARCH_PATHS = (
					"$(inherited)",
					"@executable_path/Frameworks",
				);
				MARKETING_VERSION = 1.0;
				PRODUCT_BUNDLE_IDENTIFIER = swift.HelloXcode;
				PRODUCT_NAME = HelloXcode;
				SDKROOT = iphoneos;
				SWIFT_EMIT_LOC_STRINGS = YES;
				SWIFT_VERSION = 5.0;
				TARGETED_DEVICE_FAMILY = 1;
				VALIDATE_PRODUCT = YES;
			};
			name = Release;
		};
		24F13852284718DC000FB0C9 /* Debug */ = {
			isa = XCBuildConfiguration;
			buildSettings = {
				ASSETCATALOG_COMPILER_APPICON_NAME = AppIcon;
				ASSETCATALOG_COMPILER_GLOBAL_ACCENT_COLOR_NAME = AccentColor;
				CODE_SIGN_ENTITLEMENTS = macOS/macOS.entitlements;
				CODE_SIGN_STYLE = Automatic;
				COMBINE_HIDPI_IMAGES = YES;
				CURRENT_PROJECT_VERSION = 1;
				DEVELOPMENT_TEAM = Z366NS4865;
				ENABLE_HARDENED_RUNTIME = YES;
				ENABLE_PREVIEWS = YES;
				GENERATE_INFOPLIST_FILE = YES;
				INFOPLIST_KEY_NSHumanReadableCopyright = "";
				LD_RUNPATH_SEARCH_PATHS = (
					"$(inherited)",
					"@executable_path/../Frameworks",
				);
				MACOSX_DEPLOYMENT_TARGET = 12.3;
				MARKETING_VERSION = 1.0;
				PRODUCT_BUNDLE_IDENTIFIER = swift.HelloXcode;
				PRODUCT_NAME = HelloXcode;
				SDKROOT = macosx;
				SWIFT_EMIT_LOC_STRINGS = YES;
				SWIFT_VERSION = 5.0;
			};
			name = Debug;
		};
		24F13853284718DC000FB0C9 /* Release */ = {
			isa = XCBuildConfiguration;
			buildSettings = {
				ASSETCATALOG_COMPILER_APPICON_NAME = AppIcon;
				ASSETCATALOG_COMPILER_GLOBAL_ACCENT_COLOR_NAME = AccentColor;
				CODE_SIGN_ENTITLEMENTS = macOS/macOS.entitlements;
				CODE_SIGN_STYLE = Automatic;
				COMBINE_HIDPI_IMAGES = YES;
				CURRENT_PROJECT_VERSION = 1;
				DEVELOPMENT_TEAM = Z366NS4865;
				ENABLE_HARDENED_RUNTIME = YES;
				ENABLE_PREVIEWS = YES;
				GENERATE_INFOPLIST_FILE = YES;
				INFOPLIST_KEY_NSHumanReadableCopyright = "";
				LD_RUNPATH_SEARCH_PATHS = (
					"$(inherited)",
					"@executable_path/../Frameworks",
				);
				MACOSX_DEPLOYMENT_TARGET = 12.3;
				MARKETING_VERSION = 1.0;
				PRODUCT_BUNDLE_IDENTIFIER = swift.HelloXcode;
				PRODUCT_NAME = HelloXcode;
				SDKROOT = macosx;
				SWIFT_EMIT_LOC_STRINGS = YES;
				SWIFT_VERSION = 5.0;
			};
			name = Release;
		};
		24F13855284718DC000FB0C9 /* Debug */ = {
			isa = XCBuildConfiguration;
			buildSettings = {
				ALWAYS_EMBED_SWIFT_STANDARD_LIBRARIES = YES;
				CODE_SIGN_STYLE = Automatic;
				CURRENT_PROJECT_VERSION = 1;
				DEVELOPMENT_TEAM = Z366NS4865;
				GENERATE_INFOPLIST_FILE = YES;
				IPHONEOS_DEPLOYMENT_TARGET = 15.4;
				MARKETING_VERSION = 1.0;
				PRODUCT_BUNDLE_IDENTIFIER = "swift.Tests-iOS";
				PRODUCT_NAME = "$(TARGET_NAME)";
				SDKROOT = iphoneos;
				SWIFT_EMIT_LOC_STRINGS = NO;
				SWIFT_VERSION = 5.0;
				TARGETED_DEVICE_FAMILY = "1,2";
				TEST_TARGET_NAME = "HelloXcode (iOS)";
			};
			name = Debug;
		};
		24F13856284718DC000FB0C9 /* Release */ = {
			isa = XCBuildConfiguration;
			buildSettings = {
				ALWAYS_EMBED_SWIFT_STANDARD_LIBRARIES = YES;
				CODE_SIGN_STYLE = Automatic;
				CURRENT_PROJECT_VERSION = 1;
				DEVELOPMENT_TEAM = Z366NS4865;
				GENERATE_INFOPLIST_FILE = YES;
				IPHONEOS_DEPLOYMENT_TARGET = 15.4;
				MARKETING_VERSION = 1.0;
				PRODUCT_BUNDLE_IDENTIFIER = "swift.Tests-iOS";
				PRODUCT_NAME = "$(TARGET_NAME)";
				SDKROOT = iphoneos;
				SWIFT_EMIT_LOC_STRINGS = NO;
				SWIFT_VERSION = 5.0;
				TARGETED_DEVICE_FAMILY = "1,2";
				TEST_TARGET_NAME = "HelloXcode (iOS)";
				VALIDATE_PRODUCT = YES;
			};
			name = Release;
		};
		24F13858284718DC000FB0C9 /* Debug */ = {
			isa = XCBuildConfiguration;
			buildSettings = {
				ALWAYS_EMBED_SWIFT_STANDARD_LIBRARIES = YES;
				CODE_SIGN_STYLE = Automatic;
				CURRENT_PROJECT_VERSION = 1;
				DEVELOPMENT_TEAM = Z366NS4865;
				GENERATE_INFOPLIST_FILE = YES;
				MACOSX_DEPLOYMENT_TARGET = 12.3;
				MARKETING_VERSION = 1.0;
				PRODUCT_BUNDLE_IDENTIFIER = "swift.Tests-macOS";
				PRODUCT_NAME = "$(TARGET_NAME)";
				SDKROOT = macosx;
				SWIFT_EMIT_LOC_STRINGS = NO;
				SWIFT_VERSION = 5.0;
				TEST_TARGET_NAME = "HelloXcode (macOS)";
			};
			name = Debug;
		};
		24F13859284718DC000FB0C9 /* Release */ = {
			isa = XCBuildConfiguration;
			buildSettings = {
				ALWAYS_EMBED_SWIFT_STANDARD_LIBRARIES = YES;
				CODE_SIGN_STYLE = Automatic;
				CURRENT_PROJECT_VERSION = 1;
				DEVELOPMENT_TEAM = Z366NS4865;
				GENERATE_INFOPLIST_FILE = YES;
				MACOSX_DEPLOYMENT_TARGET = 12.3;
				MARKETING_VERSION = 1.0;
				PRODUCT_BUNDLE_IDENTIFIER = "swift.Tests-macOS";
				PRODUCT_NAME = "$(TARGET_NAME)";
				SDKROOT = macosx;
				SWIFT_EMIT_LOC_STRINGS = NO;
				SWIFT_VERSION = 5.0;
				TEST_TARGET_NAME = "HelloXcode (macOS)";
			};
			name = Release;
		};
/* End XCBuildConfiguration section */

/* Begin XCConfigurationList section */
		24F1381C284718D6000FB0C9 /* Build configuration list for PBXProject "HelloXcode" */ = {
			isa = XCConfigurationList;
			buildConfigurations = (
				24F1384C284718DC000FB0C9 /* Debug */,
				24F1384D284718DC000FB0C9 /* Release */,
			);
			defaultConfigurationIsVisible = 0;
			defaultConfigurationName = Release;
		};
		24F1384E284718DC000FB0C9 /* Build configuration list for PBXNativeTarget "HelloXcode (iOS)" */ = {
			isa = XCConfigurationList;
			buildConfigurations = (
				24F1384F284718DC000FB0C9 /* Debug */,
				24F13850284718DC000FB0C9 /* Release */,
			);
			defaultConfigurationIsVisible = 0;
			defaultConfigurationName = Release;
		};
		24F13851284718DC000FB0C9 /* Build configuration list for PBXNativeTarget "HelloXcode (macOS)" */ = {
			isa = XCConfigurationList;
			buildConfigurations = (
				24F13852284718DC000FB0C9 /* Debug */,
				24F13853284718DC000FB0C9 /* Release */,
			);
			defaultConfigurationIsVisible = 0;
			defaultConfigurationName = Release;
		};
		24F13854284718DC000FB0C9 /* Build configuration list for PBXNativeTarget "Tests iOS" */ = {
			isa = XCConfigurationList;
			buildConfigurations = (
				24F13855284718DC000FB0C9 /* Debug */,
				24F13856284718DC000FB0C9 /* Release */,
			);
			defaultConfigurationIsVisible = 0;
			defaultConfigurationName = Release;
		};
		24F13857284718DC000FB0C9 /* Build configuration list for PBXNativeTarget "Tests macOS" */ = {
			isa = XCConfigurationList;
			buildConfigurations = (
				24F13858284718DC000FB0C9 /* Debug */,
				24F13859284718DC000FB0C9 /* Release */,
			);
			defaultConfigurationIsVisible = 0;
			defaultConfigurationName = Release;
		};
/* End XCConfigurationList section */
	};
	rootObject = 24F13819284718D6000FB0C9 /* Project object */;
}
